{
  "version": 4,
  "terraform_version": "1.16.3",
  "serial": 4,
  "lineage": "3f3005e9-7198-836e-a124-fe88a66ff8f8",
  "outputs": {
    "current": {
      "value": "small",
      "type": "string"
    }
  },
  "resources": [
    {
      "mode": "managed",
      "type": "local_file",
      "name": "managed",
      "provider": "provider[\"registry.terraform.io/hashicorp/local\"]",
      "instances": [
        {
          "schema_version": 0,
          "attributes": {
            "content": "original",
            "content_base64": null,
            "content_base64sha256": "BoLF8gdvCZw0z90VqeBjhJ7UN6SWd+b8xbQZjHZXW+U=",
            "content_base64sha512": "xe4Gf7QzeV1cjv7KeGI3kdxs5SQZi3Ij/oMQ+Bo4yRBdqKYXFN1aYz5S2se1ezOUiv2UyzfFIviXgcnCVHGpww==",
            "content_md5": "919c8b643b7133116b02fc0d9bb7df3f",
            "content_sha1": "d73ef92426f2b11dfc4aed4d4bfc41c49ee1087c",
            "content_sha256": "0682c5f2076f099c34cfdd15a9e063849ed437a49677e6fcc5b4198c76575be5",
            "content_sha512": "c5ee067fb433795d5c8efeca78623791dc6ce524198b7223fe8310f81a38c9105da8a61714dd5a633e52dac7b57b33948afd94cb37c522f89781c9c25471a9c3",
            "directory_permission": "0777",
            "file_permission": "0777",
            "filename": "./managed.txt",
            "id": "d73ef92426f2b11dfc4aed4d4bfc41c49ee1087c",
            "sensitive_content": null,
            "source": null
          },
          "sensitive_attributes": [
            [
              {
                "type": "get_attr",
                "value": "sensitive_content"
              }
            ]
          ],
          "identity_schema_version": 0
        }
      ]
    },
    {
      "mode": "managed",
      "type": "terraform_data",
      "name": "change_me",
      "provider": "provider[\"terraform.io/builtin/terraform\"]",
      "instances": [
        {
          "schema_version": 0,
          "attributes": {
            "id": "540dfd82-907b-51b8-9eea-bd37a834d390",
            "input": {
              "value": "small",
              "type": "string"
            },
            "output": {
              "value": "small",
              "type": "string"
            },
            "store": null,
            "triggers_replace": null
          },
          "sensitive_attributes": [],
          "identity_schema_version": 0
        }
      ]
    },
    {
      "mode": "managed",
      "type": "terraform_data",
      "name": "gone",
      "provider": "provider[\"terraform.io/builtin/terraform\"]",
      "instances": [
        {
          "schema_version": 0,
          "attributes": {
            "id": "70e89507-6664-49c6-2702-3a28e33c4a07",
            "input": {
              "value": "bye",
              "type": "string"
            },
            "output": {
              "value": "bye",
              "type": "string"
            },
            "store": null,
            "triggers_replace": null
          },
          "sensitive_attributes": [],
          "identity_schema_version": 0
        }
      ]
    },
    {
      "mode": "managed",
      "type": "terraform_data",
      "name": "replace_me",
      "provider": "provider[\"terraform.io/builtin/terraform\"]",
      "instances": [
        {
          "schema_version": 0,
          "attributes": {
            "id": "4383baf0-4fca-b2eb-fc13-f630eec01651",
            "input": {
              "value": "x",
              "type": "string"
            },
            "output": {
              "value": "x",
              "type": "string"
            },
            "store": null,
            "triggers_replace": {
              "value": [
                "small"
              ],
              "type": [
                "tuple",
                [
                  "string"
                ]
              ]
            }
          },
          "sensitive_attributes": [],
          "identity_schema_version": 0
        }
      ]
    }
  ],
  "check_results": null
}
